
Microsoft Visual Studio Solution File, Format Version 12.00
# Visual Studio Version 17
VisualStudioVersion = 17.10.35122.118
MinimumVisualStudioVersion = 10.0.40219.1
Project("{9A19103F-16F7-4668-BE54-9A1E7A4F7556}") = "DAL", "DAL\DAL.csproj", "{7F971BF2-AF2F-4872-A54C-8EC67F51969B}"
EndProject
Project("{FAE04EC0-301F-11D3-BF4B-00C04F79EFBC}") = "DAL.Tests", "DAL.Tests\DAL.Tests.csproj", "{BBE3C174-3AB7-4698-87CF-FD1272173B69}"
EndProject
Global
	GlobalSection(SolutionConfigurationPlatforms) = preSolution
		Debug|Any CPU = Debug|Any CPU
		Release|Any CPU = Release|Any CPU
	EndGlobalSection
	GlobalSection(ProjectConfigurationPlatforms) = postSolution
		{7F971BF2-AF2F-4872-A54C-8EC67F51969B}.Debug|Any CPU.ActiveCfg = Debug|Any CPU
		{7F971BF2-AF2F-4872-A54C-8EC67F51969B}.Debug|Any CPU.Build.0 = Debug|Any CPU
		{7F971BF2-AF2F-4872-A54C-8EC67F51969B}.Release|Any CPU.ActiveCfg = Release|Any CPU
		{7F971BF2-AF2F-4872-A54C-8EC67F51969B}.Release|Any CPU.Build.0 = Release|Any CPU
		{BBE3C174-3AB7-4698-87CF-FD1272173B69}.Debug|Any CPU.ActiveCfg = Debug|Any CPU
		{BBE3C174-3AB7-4698-87CF-FD1272173B69}.Debug|Any CPU.Build.0 = Debug|Any CPU
		{BBE3C174-3AB7-4698-87CF-FD1272173B69}.Release|Any CPU.ActiveCfg = Release|Any CPU
		{BBE3C174-3AB7-4698-87CF-FD1272173B69}.Release|Any CPU.Build.0 = Release|Any CPU
	EndGlobalSection
	GlobalSection(SolutionProperties) = preSolution
		HideSolutionNode = FALSE
	EndGlobalSection
	GlobalSection(ExtensibilityGlobals) = postSolution
		SolutionGuid = {60023969-11FC-4483-B2D3-2221F0382454}
	EndGlobalSection
EndGlobal
