
Microsoft Visual Studio Solution File, Format Version 12.00
# Visual Studio Version 17
VisualStudioVersion = 17.10.35122.118
MinimumVisualStudioVersion = 10.0.40219.1
Project("{9A19103F-16F7-4668-BE54-9A1E7A4F7556}") = "PL", "PL\PL.csproj", "{F1CEEF4B-AD10-42E6-B0ED-D5822344BF50}"
EndProject
Project("{FAE04EC0-301F-11D3-BF4B-00C04F79EFBC}") = "BLL", "BLL\BLL.csproj", "{6114D85E-764C-4EB2-8535-3E4278901BEE}"
EndProject
Project("{FAE04EC0-301F-11D3-BF4B-00C04F79EFBC}") = "DAL", "DAL\DAL.csproj", "{04851CAB-FFE4-432B-A1AB-BA4AC2E0223A}"
EndProject
Global
	GlobalSection(SolutionConfigurationPlatforms) = preSolution
		Debug|Any CPU = Debug|Any CPU
		Release|Any CPU = Release|Any CPU
	EndGlobalSection
	GlobalSection(ProjectConfigurationPlatforms) = postSolution
		{F1CEEF4B-AD10-42E6-B0ED-D5822344BF50}.Debug|Any CPU.ActiveCfg = Debug|Any CPU
		{F1CEEF4B-AD10-42E6-B0ED-D5822344BF50}.Debug|Any CPU.Build.0 = Debug|Any CPU
		{F1CEEF4B-AD10-42E6-B0ED-D5822344BF50}.Release|Any CPU.ActiveCfg = Release|Any CPU
		{F1CEEF4B-AD10-42E6-B0ED-D5822344BF50}.Release|Any CPU.Build.0 = Release|Any CPU
		{6114D85E-764C-4EB2-8535-3E4278901BEE}.Debug|Any CPU.ActiveCfg = Debug|Any CPU
		{6114D85E-764C-4EB2-8535-3E4278901BEE}.Debug|Any CPU.Build.0 = Debug|Any CPU
		{6114D85E-764C-4EB2-8535-3E4278901BEE}.Release|Any CPU.ActiveCfg = Release|Any CPU
		{6114D85E-764C-4EB2-8535-3E4278901BEE}.Release|Any CPU.Build.0 = Release|Any CPU
		{04851CAB-FFE4-432B-A1AB-BA4AC2E0223A}.Debug|Any CPU.ActiveCfg = Debug|Any CPU
		{04851CAB-FFE4-432B-A1AB-BA4AC2E0223A}.Debug|Any CPU.Build.0 = Debug|Any CPU
		{04851CAB-FFE4-432B-A1AB-BA4AC2E0223A}.Release|Any CPU.ActiveCfg = Release|Any CPU
		{04851CAB-FFE4-432B-A1AB-BA4AC2E0223A}.Release|Any CPU.Build.0 = Release|Any CPU
	EndGlobalSection
	GlobalSection(SolutionProperties) = preSolution
		HideSolutionNode = FALSE
	EndGlobalSection
	GlobalSection(ExtensibilityGlobals) = postSolution
		SolutionGuid = {8042C2AC-8633-44A4-BA28-028078AB57C6}
	EndGlobalSection
EndGlobal
